
Microsoft Visual Studio Solution File, Format Version 12.00
# Visual Studio 2012
Project("{FAE04EC0-301F-11D3-BF4B-00C04F79EFBC}") = "SiQoL", "ClipSQLFormat\SiQoL.csproj", "{F1E13D7C-ECAC-428D-8458-2A15355C62E6}"
EndProject
Global
	GlobalSection(TeamFoundationVersionControl) = preSolution
		SccNumberOfProjects = 2
		SccEnterpriseProvider = {4CA58AB2-18FA-4F8D-95D4-32DDF27D184C}
		SccTeamFoundationServer = https://renattomachado.visualstudio.com/defaultcollection
		SccLocalPath0 = .
		SccProjectUniqueName1 = ClipSQLFormat\\Siqol.csproj
		SccProjectName1 = ClipSQLFormat
		SccLocalPath1 = ClipSQLFormat
	EndGlobalSection
	GlobalSection(SolutionConfigurationPlatforms) = preSolution
		Debug|Any CPU = Debug|Any CPU
		Release|Any CPU = Release|Any CPU
	EndGlobalSection
	GlobalSection(ProjectConfigurationPlatforms) = postSolution
		{F1E13D7C-ECAC-428D-8458-2A15355C62E6}.Debug|Any CPU.ActiveCfg = Debug|Any CPU
		{F1E13D7C-ECAC-428D-8458-2A15355C62E6}.Debug|Any CPU.Build.0 = Debug|Any CPU
		{F1E13D7C-ECAC-428D-8458-2A15355C62E6}.Release|Any CPU.ActiveCfg = Release|Any CPU
		{F1E13D7C-ECAC-428D-8458-2A15355C62E6}.Release|Any CPU.Build.0 = Release|Any CPU
	EndGlobalSection
	GlobalSection(SolutionProperties) = preSolution
		HideSolutionNode = FALSE
	EndGlobalSection
EndGlobal
